
Microsoft Visual Studio Solution File, Format Version 12.00
# Visual Studio Version 17
VisualStudioVersion = 17.5.33530.505
MinimumVisualStudioVersion = 10.0.40219.1
Project("{9A19103F-16F7-4668-BE54-9A1E7A4F7556}") = "web-application-api", "web-application-api\web-application-api.csproj", "{281362BE-9C36-406F-9623-9532D3ADC658}"
EndProject
Project("{FAE04EC0-301F-11D3-BF4B-00C04F79EFBC}") = "Data", "Data\Data.csproj", "{5C767813-36BD-4581-B262-00B3B509B72A}"
EndProject
Global
	GlobalSection(SolutionConfigurationPlatforms) = preSolution
		Debug|Any CPU = Debug|Any CPU
		Release|Any CPU = Release|Any CPU
	EndGlobalSection
	GlobalSection(ProjectConfigurationPlatforms) = postSolution
		{281362BE-9C36-406F-9623-9532D3ADC658}.Debug|Any CPU.ActiveCfg = Debug|Any CPU
		{281362BE-9C36-406F-9623-9532D3ADC658}.Debug|Any CPU.Build.0 = Debug|Any CPU
		{281362BE-9C36-406F-9623-9532D3ADC658}.Release|Any CPU.ActiveCfg = Release|Any CPU
		{281362BE-9C36-406F-9623-9532D3ADC658}.Release|Any CPU.Build.0 = Release|Any CPU
		{5C767813-36BD-4581-B262-00B3B509B72A}.Debug|Any CPU.ActiveCfg = Debug|Any CPU
		{5C767813-36BD-4581-B262-00B3B509B72A}.Debug|Any CPU.Build.0 = Debug|Any CPU
		{5C767813-36BD-4581-B262-00B3B509B72A}.Release|Any CPU.ActiveCfg = Release|Any CPU
		{5C767813-36BD-4581-B262-00B3B509B72A}.Release|Any CPU.Build.0 = Release|Any CPU
	EndGlobalSection
	GlobalSection(SolutionProperties) = preSolution
		HideSolutionNode = FALSE
	EndGlobalSection
	GlobalSection(ExtensibilityGlobals) = postSolution
		SolutionGuid = {E79B40E7-0955-4470-8814-48F16458B750}
	EndGlobalSection
EndGlobal
